
Microsoft Visual Studio Solution File, Format Version 12.00
# Visual Studio 15
VisualStudioVersion = 15.0.27428.2043
MinimumVisualStudioVersion = 10.0.40219.1
Project("{FAE04EC0-301F-11D3-BF4B-00C04F79EFBC}") = "FIT5032_Week08A", "FIT5032_Week08A\FIT5032_Week08A.csproj", "{B8D1F6E5-41C5-4A02-B98C-80375C1683A6}"
EndProject
Global
	GlobalSection(SolutionConfigurationPlatforms) = preSolution
		Debug|Any CPU = Debug|Any CPU
		Release|Any CPU = Release|Any CPU
	EndGlobalSection
	GlobalSection(ProjectConfigurationPlatforms) = postSolution
		{B8D1F6E5-41C5-4A02-B98C-80375C1683A6}.Debug|Any CPU.ActiveCfg = Debug|Any CPU
		{B8D1F6E5-41C5-4A02-B98C-80375C1683A6}.Debug|Any CPU.Build.0 = Debug|Any CPU
		{B8D1F6E5-41C5-4A02-B98C-80375C1683A6}.Release|Any CPU.ActiveCfg = Release|Any CPU
		{B8D1F6E5-41C5-4A02-B98C-80375C1683A6}.Release|Any CPU.Build.0 = Release|Any CPU
	EndGlobalSection
	GlobalSection(SolutionProperties) = preSolution
		HideSolutionNode = FALSE
	EndGlobalSection
	GlobalSection(ExtensibilityGlobals) = postSolution
		SolutionGuid = {512891DB-CE1F-42BA-8698-D85B3D68B5A2}
	EndGlobalSection
EndGlobal
