
Microsoft Visual Studio Solution File, Format Version 12.00
# Visual Studio 15
VisualStudioVersion = 15.0.28010.2036
MinimumVisualStudioVersion = 10.0.40219.1
Project("{FAE04EC0-301F-11D3-BF4B-00C04F79EFBC}") = "FIT5032_Week04_CodeFirst", "FIT5032_Week04_CodeFirst\FIT5032_Week04_CodeFirst.csproj", "{B265BC16-4303-4316-9571-039025DC2E06}"
EndProject
Global
	GlobalSection(SolutionConfigurationPlatforms) = preSolution
		Debug|Any CPU = Debug|Any CPU
		Release|Any CPU = Release|Any CPU
	EndGlobalSection
	GlobalSection(ProjectConfigurationPlatforms) = postSolution
		{B265BC16-4303-4316-9571-039025DC2E06}.Debug|Any CPU.ActiveCfg = Debug|Any CPU
		{B265BC16-4303-4316-9571-039025DC2E06}.Debug|Any CPU.Build.0 = Debug|Any CPU
		{B265BC16-4303-4316-9571-039025DC2E06}.Release|Any CPU.ActiveCfg = Release|Any CPU
		{B265BC16-4303-4316-9571-039025DC2E06}.Release|Any CPU.Build.0 = Release|Any CPU
	EndGlobalSection
	GlobalSection(SolutionProperties) = preSolution
		HideSolutionNode = FALSE
	EndGlobalSection
	GlobalSection(ExtensibilityGlobals) = postSolution
		SolutionGuid = {8BE26565-BC91-4D41-B369-CED8A09D4764}
	EndGlobalSection
EndGlobal
