
Microsoft Visual Studio Solution File, Format Version 12.00
# Visual Studio 15
VisualStudioVersion = 15.0.27428.2043
MinimumVisualStudioVersion = 10.0.40219.1
Project("{FAE04EC0-301F-11D3-BF4B-00C04F79EFBC}") = "FIT5032_Week05B", "FIT5032_Week05B\FIT5032_Week05B.csproj", "{92EF01FD-54E6-4191-A271-A8ABC0D5762C}"
EndProject
Global
	GlobalSection(SolutionConfigurationPlatforms) = preSolution
		Debug|Any CPU = Debug|Any CPU
		Release|Any CPU = Release|Any CPU
	EndGlobalSection
	GlobalSection(ProjectConfigurationPlatforms) = postSolution
		{92EF01FD-54E6-4191-A271-A8ABC0D5762C}.Debug|Any CPU.ActiveCfg = Debug|Any CPU
		{92EF01FD-54E6-4191-A271-A8ABC0D5762C}.Debug|Any CPU.Build.0 = Debug|Any CPU
		{92EF01FD-54E6-4191-A271-A8ABC0D5762C}.Release|Any CPU.ActiveCfg = Release|Any CPU
		{92EF01FD-54E6-4191-A271-A8ABC0D5762C}.Release|Any CPU.Build.0 = Release|Any CPU
	EndGlobalSection
	GlobalSection(SolutionProperties) = preSolution
		HideSolutionNode = FALSE
	EndGlobalSection
	GlobalSection(ExtensibilityGlobals) = postSolution
		SolutionGuid = {5036E939-FD2C-4D24-8333-ACB1D8378ED9}
	EndGlobalSection
EndGlobal
