
Microsoft Visual Studio Solution File, Format Version 12.00
# Visual Studio 15
VisualStudioVersion = 15.0.27428.2043
MinimumVisualStudioVersion = 10.0.40219.1
Project("{FAE04EC0-301F-11D3-BF4B-00C04F79EFBC}") = "FIT5032_Week05C", "FIT5032_Week05C\FIT5032_Week05C.csproj", "{35D5357C-4E51-4ACA-9670-FB6717C7D136}"
EndProject
Global
	GlobalSection(SolutionConfigurationPlatforms) = preSolution
		Debug|Any CPU = Debug|Any CPU
		Release|Any CPU = Release|Any CPU
	EndGlobalSection
	GlobalSection(ProjectConfigurationPlatforms) = postSolution
		{35D5357C-4E51-4ACA-9670-FB6717C7D136}.Debug|Any CPU.ActiveCfg = Debug|Any CPU
		{35D5357C-4E51-4ACA-9670-FB6717C7D136}.Debug|Any CPU.Build.0 = Debug|Any CPU
		{35D5357C-4E51-4ACA-9670-FB6717C7D136}.Release|Any CPU.ActiveCfg = Release|Any CPU
		{35D5357C-4E51-4ACA-9670-FB6717C7D136}.Release|Any CPU.Build.0 = Release|Any CPU
	EndGlobalSection
	GlobalSection(SolutionProperties) = preSolution
		HideSolutionNode = FALSE
	EndGlobalSection
	GlobalSection(ExtensibilityGlobals) = postSolution
		SolutionGuid = {32043BF9-2031-49CC-B719-E6FAE333B441}
	EndGlobalSection
EndGlobal
